
Microsoft Visual Studio Solution File, Format Version 12.00
# Visual Studio 2013
VisualStudioVersion = 12.0.31101.0
MinimumVisualStudioVersion = 10.0.40219.1
Project("{FAE04EC0-301F-11D3-BF4B-00C04F79EFBC}") = "Statistics Workbench", "Sources\Statistics Workbench.csproj", "{E7F12EB3-4B2D-472F-BD5D-F8FAC4DACEA1}"
EndProject
Project("{FAE04EC0-301F-11D3-BF4B-00C04F79EFBC}") = "Unit Tests", "Unit Tests\Unit Tests.csproj", "{37765F8B-A8CF-4EAB-B5C9-93C5B2358DD8}"
EndProject
Global
	GlobalSection(SolutionConfigurationPlatforms) = preSolution
		Debug|Any CPU = Debug|Any CPU
		Release|Any CPU = Release|Any CPU
	EndGlobalSection
	GlobalSection(ProjectConfigurationPlatforms) = postSolution
		{E7F12EB3-4B2D-472F-BD5D-F8FAC4DACEA1}.Debug|Any CPU.ActiveCfg = Debug|Any CPU
		{E7F12EB3-4B2D-472F-BD5D-F8FAC4DACEA1}.Debug|Any CPU.Build.0 = Debug|Any CPU
		{E7F12EB3-4B2D-472F-BD5D-F8FAC4DACEA1}.Release|Any CPU.ActiveCfg = Release|Any CPU
		{E7F12EB3-4B2D-472F-BD5D-F8FAC4DACEA1}.Release|Any CPU.Build.0 = Release|Any CPU
		{37765F8B-A8CF-4EAB-B5C9-93C5B2358DD8}.Debug|Any CPU.ActiveCfg = Debug|Any CPU
		{37765F8B-A8CF-4EAB-B5C9-93C5B2358DD8}.Debug|Any CPU.Build.0 = Debug|Any CPU
		{37765F8B-A8CF-4EAB-B5C9-93C5B2358DD8}.Release|Any CPU.ActiveCfg = Release|Any CPU
		{37765F8B-A8CF-4EAB-B5C9-93C5B2358DD8}.Release|Any CPU.Build.0 = Release|Any CPU
	EndGlobalSection
	GlobalSection(SolutionProperties) = preSolution
		HideSolutionNode = FALSE
	EndGlobalSection
EndGlobal
