
Microsoft Visual Studio Solution File, Format Version 12.00
# Visual Studio 15
VisualStudioVersion = 15.0.26906.1
MinimumVisualStudioVersion = 10.0.40219.1
Project("{FAE04EC0-301F-11D3-BF4B-00C04F79EFBC}") = "Statistics Workbench", "Sources\Statistics Workbench.csproj", "{E7F12EB3-4B2D-472F-BD5D-F8FAC4DACEA1}"
EndProject
Project("{FAE04EC0-301F-11D3-BF4B-00C04F79EFBC}") = "Unit Tests", "Unit Tests\Unit Tests.csproj", "{37765F8B-A8CF-4EAB-B5C9-93C5B2358DD8}"
EndProject
Global
	GlobalSection(SolutionConfigurationPlatforms) = preSolution
		Debug|x86 = Debug|x86
		Release|x86 = Release|x86
	EndGlobalSection
	GlobalSection(ProjectConfigurationPlatforms) = postSolution
		{E7F12EB3-4B2D-472F-BD5D-F8FAC4DACEA1}.Debug|x86.ActiveCfg = Debug|x86
		{E7F12EB3-4B2D-472F-BD5D-F8FAC4DACEA1}.Debug|x86.Build.0 = Debug|x86
		{E7F12EB3-4B2D-472F-BD5D-F8FAC4DACEA1}.Release|x86.ActiveCfg = Release|x86
		{E7F12EB3-4B2D-472F-BD5D-F8FAC4DACEA1}.Release|x86.Build.0 = Release|x86
		{37765F8B-A8CF-4EAB-B5C9-93C5B2358DD8}.Debug|x86.ActiveCfg = Debug|x86
		{37765F8B-A8CF-4EAB-B5C9-93C5B2358DD8}.Debug|x86.Build.0 = Debug|x86
		{37765F8B-A8CF-4EAB-B5C9-93C5B2358DD8}.Release|x86.ActiveCfg = Release|x86
		{37765F8B-A8CF-4EAB-B5C9-93C5B2358DD8}.Release|x86.Build.0 = Release|x86
	EndGlobalSection
	GlobalSection(SolutionProperties) = preSolution
		HideSolutionNode = FALSE
	EndGlobalSection
	GlobalSection(ExtensibilityGlobals) = postSolution
		SolutionGuid = {7708C0C8-D284-476D-A3FA-A1F0ED6191A4}
	EndGlobalSection
EndGlobal
